schema=2
stage="write-tests:schema-demo"
status="in-progress"
kind="board-test"
owner="fixture-operator"
host="fixture-host"
pid=4242
acquired_at="2024-01-01T00:00:00Z"
heartbeat_at="2024-01-01T00:00:10Z"
resources=["board:fictional-fixture-board-1","stage:write-tests:schema-demo"]
board_id="fictional-fixture-board-1"
board_state="unknown"
lease_epoch="0f1e2d3c4b5a69788796a5b4c3d2e1f0"
check_token="0f1e2d3c4b5a69788796a5b4c3d2e1f011223344556677889900112233445566"
operation_phase="active"
operation_attempt=1
last_operation="load-ram"
recovery_attempts=[]
[owner_process_identity]
scheme="windows-filetime"
value="133000000000000000"
